
Microsoft Visual Studio Solution File, Format Version 12.00
# Visual Studio Version 17
VisualStudioVersion = 17.11.35222.181
MinimumVisualStudioVersion = 10.0.40219.1
Project("{9A19103F-16F7-4668-BE54-9A1E7A4F7556}") = "RentalMotorbike", "RentalMotorbike\RentalMotorbike.csproj", "{0984B832-5880-4A12-94AA-7BA4CB518569}"
EndProject
Project("{FAE04EC0-301F-11D3-BF4B-00C04F79EFBC}") = "RentalMotorbike.BusinessObject", "RentalMotorbike.BusinessObject\RentalMotorbike.BusinessObject.csproj", "{034DB68E-E219-4CE3-97EF-521420E0DB7F}"
EndProject
Project("{FAE04EC0-301F-11D3-BF4B-00C04F79EFBC}") = "RentalMotorbike.DAOs", "RentalMotorbike.DAOs\RentalMotorbike.DAOs.csproj", "{FEF5216E-EC37-4FCB-B914-7F3C69DAF4E7}"
EndProject
Project("{FAE04EC0-301F-11D3-BF4B-00C04F79EFBC}") = "RentalMotorbike.Repositories", "RentalMotorbike.Repositories\RentalMotorbike.Repositories.csproj", "{8360892B-98EC-431C-AA91-A4D5CD93FDE8}"
EndProject
Project("{FAE04EC0-301F-11D3-BF4B-00C04F79EFBC}") = "RentalMotorbike.Services", "RentalMotorbike.Services\RentalMotorbike.Services.csproj", "{49E93BEB-C9D3-4188-9623-7FDDBDA9C694}"
EndProject
Global
	GlobalSection(SolutionConfigurationPlatforms) = preSolution
		Debug|Any CPU = Debug|Any CPU
		Release|Any CPU = Release|Any CPU
	EndGlobalSection
	GlobalSection(ProjectConfigurationPlatforms) = postSolution
		{0984B832-5880-4A12-94AA-7BA4CB518569}.Debug|Any CPU.ActiveCfg = Debug|Any CPU
		{0984B832-5880-4A12-94AA-7BA4CB518569}.Debug|Any CPU.Build.0 = Debug|Any CPU
		{0984B832-5880-4A12-94AA-7BA4CB518569}.Release|Any CPU.ActiveCfg = Release|Any CPU
		{0984B832-5880-4A12-94AA-7BA4CB518569}.Release|Any CPU.Build.0 = Release|Any CPU
		{034DB68E-E219-4CE3-97EF-521420E0DB7F}.Debug|Any CPU.ActiveCfg = Debug|Any CPU
		{034DB68E-E219-4CE3-97EF-521420E0DB7F}.Debug|Any CPU.Build.0 = Debug|Any CPU
		{034DB68E-E219-4CE3-97EF-521420E0DB7F}.Release|Any CPU.ActiveCfg = Release|Any CPU
		{034DB68E-E219-4CE3-97EF-521420E0DB7F}.Release|Any CPU.Build.0 = Release|Any CPU
		{FEF5216E-EC37-4FCB-B914-7F3C69DAF4E7}.Debug|Any CPU.ActiveCfg = Debug|Any CPU
		{FEF5216E-EC37-4FCB-B914-7F3C69DAF4E7}.Debug|Any CPU.Build.0 = Debug|Any CPU
		{FEF5216E-EC37-4FCB-B914-7F3C69DAF4E7}.Release|Any CPU.ActiveCfg = Release|Any CPU
		{FEF5216E-EC37-4FCB-B914-7F3C69DAF4E7}.Release|Any CPU.Build.0 = Release|Any CPU
		{8360892B-98EC-431C-AA91-A4D5CD93FDE8}.Debug|Any CPU.ActiveCfg = Debug|Any CPU
		{8360892B-98EC-431C-AA91-A4D5CD93FDE8}.Debug|Any CPU.Build.0 = Debug|Any CPU
		{8360892B-98EC-431C-AA91-A4D5CD93FDE8}.Release|Any CPU.ActiveCfg = Release|Any CPU
		{8360892B-98EC-431C-AA91-A4D5CD93FDE8}.Release|Any CPU.Build.0 = Release|Any CPU
		{49E93BEB-C9D3-4188-9623-7FDDBDA9C694}.Debug|Any CPU.ActiveCfg = Debug|Any CPU
		{49E93BEB-C9D3-4188-9623-7FDDBDA9C694}.Debug|Any CPU.Build.0 = Debug|Any CPU
		{49E93BEB-C9D3-4188-9623-7FDDBDA9C694}.Release|Any CPU.ActiveCfg = Release|Any CPU
		{49E93BEB-C9D3-4188-9623-7FDDBDA9C694}.Release|Any CPU.Build.0 = Release|Any CPU
	EndGlobalSection
	GlobalSection(SolutionProperties) = preSolution
		HideSolutionNode = FALSE
	EndGlobalSection
	GlobalSection(ExtensibilityGlobals) = postSolution
		SolutionGuid = {4813DA23-598C-4CF2-BB10-940FEB99AF11}
	EndGlobalSection
EndGlobal
